dependencies:
- name: partials
  repository: file://./partials
  version: 0.1.0
- name: prometheus
  repository: file://./add-ons/prometheus
  version: 0.1.0
- name: grafana
  repository: file://./add-ons/grafana
  version: 0.1.0
- name: tracing
  repository: file://./add-ons/tracing
  version: 0.1.0
digest: sha256:e052ed011549e02311b64dc4b6e18de14a2c8004aade23c73f638499b436ec4b
generated: "2021-01-12T17:50:40.147693Z"
